# This file is automatically @generated by Cargo.
# It is not intended for manual editing.
version = 4

[[package]]
name = "rustnab"
version = "0.1.0"

[[package]]
name = "rustnab-api"
version = "0.1.0"

[[package]]
name = "rustnab-core"
version = "0.1.0"

[[package]]
name = "rustnab-hal"
version = "0.1.0"

[[package]]
name = "rustnab-hal-linux"
version = "0.1.0"

[[package]]
name = "rustnab-hal-sim"
version = "0.1.0"

[[package]]
name = "rustnab-leds"
version = "0.1.0"

[[package]]
name = "rustnab-protocol"
version = "0.1.0"

[[package]]
name = "rustnab-services"
version = "0.1.0"

[[package]]
name = "rustnab-speech"
version = "0.1.0"

[[package]]
name = "st25r39xx"
version = "0.1.0"
